
Microsoft Visual Studio Solution File, Format Version 11.00
# Visual Studio 2010
Project("{FAE04EC0-301F-11D3-BF4B-00C04F79EFBC}") = "Assembly-CSharp", "Assembly-CSharp.csproj", "{2d17e3a5-4e4d-a6d9-2c39-a490f957e873}"
EndProject
Project("{FAE04EC0-301F-11D3-BF4B-00C04F79EFBC}") = "Assembly-CSharp-Editor", "Assembly-CSharp-Editor.csproj", "{ac2a2d1b-7682-b4a5-32b9-d4e0ec4d4ecf}"
EndProject
Global
	GlobalSection(SolutionConfigurationPlatforms) = preSolution
		Debug|Any CPU = Debug|Any CPU
	EndGlobalSection
	GlobalSection(ProjectConfigurationPlatforms) = postSolution
		{2d17e3a5-4e4d-a6d9-2c39-a490f957e873}.Debug|Any CPU.ActiveCfg = Debug|Any CPU
		{2d17e3a5-4e4d-a6d9-2c39-a490f957e873}.Debug|Any CPU.Build.0 = Debug|Any CPU
		{ac2a2d1b-7682-b4a5-32b9-d4e0ec4d4ecf}.Debug|Any CPU.ActiveCfg = Debug|Any CPU
		{ac2a2d1b-7682-b4a5-32b9-d4e0ec4d4ecf}.Debug|Any CPU.Build.0 = Debug|Any CPU
	EndGlobalSection
	GlobalSection(SolutionProperties) = preSolution
		HideSolutionNode = FALSE
	EndGlobalSection
EndGlobal
